
Microsoft Visual Studio Solution File, Format Version 12.00
# Visual Studio 15
VisualStudioVersion = 15.0.28307.852
MinimumVisualStudioVersion = 10.0.40219.1
Project("{FAE04EC0-301F-11D3-BF4B-00C04F79EFBC}") = "Progra5Compras", "WindowsFormsApp1\Progra5Compras.csproj", "{ADF42B3C-2906-4865-A7A6-FD17DB7590F8}"
EndProject
Project("{FAE04EC0-301F-11D3-BF4B-00C04F79EFBC}") = "Logica", "Logica\Logica.csproj", "{96A12870-F5FA-4C3E-8CC9-3A27E8E647C2}"
EndProject
Global
	GlobalSection(SolutionConfigurationPlatforms) = preSolution
		Debug|Any CPU = Debug|Any CPU
		Release|Any CPU = Release|Any CPU
	EndGlobalSection
	GlobalSection(ProjectConfigurationPlatforms) = postSolution
		{ADF42B3C-2906-4865-A7A6-FD17DB7590F8}.Debug|Any CPU.ActiveCfg = Debug|Any CPU
		{ADF42B3C-2906-4865-A7A6-FD17DB7590F8}.Debug|Any CPU.Build.0 = Debug|Any CPU
		{ADF42B3C-2906-4865-A7A6-FD17DB7590F8}.Release|Any CPU.ActiveCfg = Release|Any CPU
		{ADF42B3C-2906-4865-A7A6-FD17DB7590F8}.Release|Any CPU.Build.0 = Release|Any CPU
		{96A12870-F5FA-4C3E-8CC9-3A27E8E647C2}.Debug|Any CPU.ActiveCfg = Debug|Any CPU
		{96A12870-F5FA-4C3E-8CC9-3A27E8E647C2}.Debug|Any CPU.Build.0 = Debug|Any CPU
		{96A12870-F5FA-4C3E-8CC9-3A27E8E647C2}.Release|Any CPU.ActiveCfg = Release|Any CPU
		{96A12870-F5FA-4C3E-8CC9-3A27E8E647C2}.Release|Any CPU.Build.0 = Release|Any CPU
	EndGlobalSection
	GlobalSection(SolutionProperties) = preSolution
		HideSolutionNode = FALSE
	EndGlobalSection
	GlobalSection(ExtensibilityGlobals) = postSolution
		SolutionGuid = {9A85F194-47EB-42DE-AFAD-82182F57E3BD}
	EndGlobalSection
EndGlobal
